
Microsoft Visual Studio Solution File, Format Version 12.00
# Visual Studio Version 17
VisualStudioVersion = 17.0.32112.339
MinimumVisualStudioVersion = 10.0.40219.1
Project("{9A19103F-16F7-4668-BE54-9A1E7A4F7556}") = "QStore", "QStore\QStore.csproj", "{48F36DAD-D574-4E64-828F-27645FF2083F}"
EndProject
Project("{FAE04EC0-301F-11D3-BF4B-00C04F79EFBC}") = "QStore.Domain", "QStore.Domain\QStore.Domain.csproj", "{F99FEE4C-63F5-4362-8B67-DAE4931BF609}"
EndProject
Global
	GlobalSection(SolutionConfigurationPlatforms) = preSolution
		Debug|Any CPU = Debug|Any CPU
		Release|Any CPU = Release|Any CPU
	EndGlobalSection
	GlobalSection(ProjectConfigurationPlatforms) = postSolution
		{48F36DAD-D574-4E64-828F-27645FF2083F}.Debug|Any CPU.ActiveCfg = Debug|Any CPU
		{48F36DAD-D574-4E64-828F-27645FF2083F}.Debug|Any CPU.Build.0 = Debug|Any CPU
		{48F36DAD-D574-4E64-828F-27645FF2083F}.Release|Any CPU.ActiveCfg = Release|Any CPU
		{48F36DAD-D574-4E64-828F-27645FF2083F}.Release|Any CPU.Build.0 = Release|Any CPU
		{F99FEE4C-63F5-4362-8B67-DAE4931BF609}.Debug|Any CPU.ActiveCfg = Debug|Any CPU
		{F99FEE4C-63F5-4362-8B67-DAE4931BF609}.Debug|Any CPU.Build.0 = Debug|Any CPU
		{F99FEE4C-63F5-4362-8B67-DAE4931BF609}.Release|Any CPU.ActiveCfg = Release|Any CPU
		{F99FEE4C-63F5-4362-8B67-DAE4931BF609}.Release|Any CPU.Build.0 = Release|Any CPU
	EndGlobalSection
	GlobalSection(SolutionProperties) = preSolution
		HideSolutionNode = FALSE
	EndGlobalSection
	GlobalSection(ExtensibilityGlobals) = postSolution
		SolutionGuid = {BBB8FB8A-041B-4955-9F1C-4D03EDD6ADC0}
	EndGlobalSection
EndGlobal
